
Microsoft Visual Studio Solution File, Format Version 12.00
# Visual Studio Version 16
VisualStudioVersion = 16.0.29503.13
MinimumVisualStudioVersion = 10.0.40219.1
Project("{9A19103F-16F7-4668-BE54-9A1E7A4F7556}") = "BaltazarWeb", "BaltazarWeb\BaltazarWeb.csproj", "{5FE4994D-C498-4F46-AA14-12027589F128}"
EndProject
Project("{FAE04EC0-301F-11D3-BF4B-00C04F79EFBC}") = "AliaaCommon", "..\AliaaCommon\AliaaCommon\AliaaCommon.csproj", "{10666660-095D-4878-99CF-3E5CAB5B575A}"
EndProject
Global
	GlobalSection(SolutionConfigurationPlatforms) = preSolution
		Debug|Any CPU = Debug|Any CPU
		Release|Any CPU = Release|Any CPU
	EndGlobalSection
	GlobalSection(ProjectConfigurationPlatforms) = postSolution
		{5FE4994D-C498-4F46-AA14-12027589F128}.Debug|Any CPU.ActiveCfg = Debug|Any CPU
		{5FE4994D-C498-4F46-AA14-12027589F128}.Debug|Any CPU.Build.0 = Debug|Any CPU
		{5FE4994D-C498-4F46-AA14-12027589F128}.Release|Any CPU.ActiveCfg = Release|Any CPU
		{5FE4994D-C498-4F46-AA14-12027589F128}.Release|Any CPU.Build.0 = Release|Any CPU
		{10666660-095D-4878-99CF-3E5CAB5B575A}.Debug|Any CPU.ActiveCfg = Debug|Any CPU
		{10666660-095D-4878-99CF-3E5CAB5B575A}.Debug|Any CPU.Build.0 = Debug|Any CPU
		{10666660-095D-4878-99CF-3E5CAB5B575A}.Release|Any CPU.ActiveCfg = Release|Any CPU
		{10666660-095D-4878-99CF-3E5CAB5B575A}.Release|Any CPU.Build.0 = Release|Any CPU
	EndGlobalSection
	GlobalSection(SolutionProperties) = preSolution
		HideSolutionNode = FALSE
	EndGlobalSection
	GlobalSection(ExtensibilityGlobals) = postSolution
		SolutionGuid = {7E58F076-5768-46C8-85F7-C3962958BA29}
	EndGlobalSection
EndGlobal
